
Microsoft Visual Studio Solution File, Format Version 12.00
# Visual Studio Version 16
VisualStudioVersion = 16.0.31019.35
MinimumVisualStudioVersion = 10.0.40219.1
Project("{FAE04EC0-301F-11D3-BF4B-00C04F79EFBC}") = "Unknown6656.DiscriminatedUnions", "Unknown6656.DiscriminatedUnions.csproj", "{8573B3DF-0E0E-47BA-B416-B395ED32C959}"
EndProject
Global
	GlobalSection(SolutionConfigurationPlatforms) = preSolution
		Debug|Any CPU = Debug|Any CPU
		Release|Any CPU = Release|Any CPU
	EndGlobalSection
	GlobalSection(ProjectConfigurationPlatforms) = postSolution
		{8573B3DF-0E0E-47BA-B416-B395ED32C959}.Debug|Any CPU.ActiveCfg = Debug|Any CPU
		{8573B3DF-0E0E-47BA-B416-B395ED32C959}.Debug|Any CPU.Build.0 = Debug|Any CPU
		{8573B3DF-0E0E-47BA-B416-B395ED32C959}.Release|Any CPU.ActiveCfg = Release|Any CPU
		{8573B3DF-0E0E-47BA-B416-B395ED32C959}.Release|Any CPU.Build.0 = Release|Any CPU
	EndGlobalSection
	GlobalSection(SolutionProperties) = preSolution
		HideSolutionNode = FALSE
	EndGlobalSection
	GlobalSection(ExtensibilityGlobals) = postSolution
		SolutionGuid = {32B9D288-01D3-42E8-98C7-A40848199619}
	EndGlobalSection
EndGlobal
